
Microsoft Visual Studio Solution File, Format Version 12.00
# Visual Studio Version 17
VisualStudioVersion = 17.2.32630.192
MinimumVisualStudioVersion = 10.0.40219.1
Project("{FAE04EC0-301F-11D3-BF4B-00C04F79EFBC}") = "BookStore", "BookStore\BookStore.csproj", "{5C9BFA58-2D1C-434E-ABF8-6A5780E750BA}"
EndProject
Project("{FAE04EC0-301F-11D3-BF4B-00C04F79EFBC}") = "Bookstore_Lib", "Bookstore_Lib\Bookstore_Lib.csproj", "{C5CBBFF3-F59A-4671-9696-C0595B84689E}"
EndProject
Global
	GlobalSection(SolutionConfigurationPlatforms) = preSolution
		Debug|Any CPU = Debug|Any CPU
		Release|Any CPU = Release|Any CPU
	EndGlobalSection
	GlobalSection(ProjectConfigurationPlatforms) = postSolution
		{5C9BFA58-2D1C-434E-ABF8-6A5780E750BA}.Debug|Any CPU.ActiveCfg = Debug|Any CPU
		{5C9BFA58-2D1C-434E-ABF8-6A5780E750BA}.Debug|Any CPU.Build.0 = Debug|Any CPU
		{5C9BFA58-2D1C-434E-ABF8-6A5780E750BA}.Release|Any CPU.ActiveCfg = Release|Any CPU
		{5C9BFA58-2D1C-434E-ABF8-6A5780E750BA}.Release|Any CPU.Build.0 = Release|Any CPU
		{C5CBBFF3-F59A-4671-9696-C0595B84689E}.Debug|Any CPU.ActiveCfg = Debug|Any CPU
		{C5CBBFF3-F59A-4671-9696-C0595B84689E}.Debug|Any CPU.Build.0 = Debug|Any CPU
		{C5CBBFF3-F59A-4671-9696-C0595B84689E}.Release|Any CPU.ActiveCfg = Release|Any CPU
		{C5CBBFF3-F59A-4671-9696-C0595B84689E}.Release|Any CPU.Build.0 = Release|Any CPU
	EndGlobalSection
	GlobalSection(SolutionProperties) = preSolution
		HideSolutionNode = FALSE
	EndGlobalSection
	GlobalSection(ExtensibilityGlobals) = postSolution
		SolutionGuid = {B442C534-D19D-42C5-8E64-D996641416C1}
	EndGlobalSection
EndGlobal
